
Microsoft Visual Studio Solution File, Format Version 12.00
# Visual Studio 15
Project("{FAE04EC0-301F-11D3-BF4B-00C04F79EFBC}") = "LibraryChallangeLib", "LibraryChallangeLib\LibraryChallangeLib.csproj", "{ED9A513A-4638-42F3-B656-FF66710333CC}"
EndProject
Project("{FAE04EC0-301F-11D3-BF4B-00C04F79EFBC}") = "TestingChallangexUnit", "TestingChallangexUbit\TestingChallangexUnit.csproj", "{3690476D-1557-4AAD-995B-A54FCA2B4B7D}"
EndProject
Global
	GlobalSection(SolutionConfigurationPlatforms) = preSolution
		Debug|Any CPU = Debug|Any CPU
		Release|Any CPU = Release|Any CPU
	EndGlobalSection
	GlobalSection(ProjectConfigurationPlatforms) = postSolution
		{ED9A513A-4638-42F3-B656-FF66710333CC}.Debug|Any CPU.ActiveCfg = Debug|Any CPU
		{ED9A513A-4638-42F3-B656-FF66710333CC}.Debug|Any CPU.Build.0 = Debug|Any CPU
		{ED9A513A-4638-42F3-B656-FF66710333CC}.Release|Any CPU.ActiveCfg = Release|Any CPU
		{ED9A513A-4638-42F3-B656-FF66710333CC}.Release|Any CPU.Build.0 = Release|Any CPU
		{3690476D-1557-4AAD-995B-A54FCA2B4B7D}.Debug|Any CPU.ActiveCfg = Debug|Any CPU
		{3690476D-1557-4AAD-995B-A54FCA2B4B7D}.Debug|Any CPU.Build.0 = Debug|Any CPU
		{3690476D-1557-4AAD-995B-A54FCA2B4B7D}.Release|Any CPU.ActiveCfg = Release|Any CPU
		{3690476D-1557-4AAD-995B-A54FCA2B4B7D}.Release|Any CPU.Build.0 = Release|Any CPU
	EndGlobalSection
EndGlobal
